
Microsoft Visual Studio Solution File, Format Version 12.00
# Visual Studio Version 16
VisualStudioVersion = 16.0.29209.62
MinimumVisualStudioVersion = 10.0.40219.1
Project("{FAE04EC0-301F-11D3-BF4B-00C04F79EFBC}") = "PokerGame", "PokerGame.csproj", "{B7151BFC-3B3C-45BD-8649-B153C8D64FE1}"
EndProject
Project("{FAE04EC0-301F-11D3-BF4B-00C04F79EFBC}") = "PokerGUI", "..\PokerGUI\PokerGUI.csproj", "{440719C4-D537-4C67-BC40-E8A267105750}"
EndProject
Global
	GlobalSection(SolutionConfigurationPlatforms) = preSolution
		Debug|Any CPU = Debug|Any CPU
		Release|Any CPU = Release|Any CPU
	EndGlobalSection
	GlobalSection(ProjectConfigurationPlatforms) = postSolution
		{B7151BFC-3B3C-45BD-8649-B153C8D64FE1}.Debug|Any CPU.ActiveCfg = Debug|Any CPU
		{B7151BFC-3B3C-45BD-8649-B153C8D64FE1}.Debug|Any CPU.Build.0 = Debug|Any CPU
		{B7151BFC-3B3C-45BD-8649-B153C8D64FE1}.Release|Any CPU.ActiveCfg = Release|Any CPU
		{B7151BFC-3B3C-45BD-8649-B153C8D64FE1}.Release|Any CPU.Build.0 = Release|Any CPU
		{440719C4-D537-4C67-BC40-E8A267105750}.Debug|Any CPU.ActiveCfg = Debug|Any CPU
		{440719C4-D537-4C67-BC40-E8A267105750}.Debug|Any CPU.Build.0 = Debug|Any CPU
		{440719C4-D537-4C67-BC40-E8A267105750}.Release|Any CPU.ActiveCfg = Release|Any CPU
		{440719C4-D537-4C67-BC40-E8A267105750}.Release|Any CPU.Build.0 = Release|Any CPU
	EndGlobalSection
	GlobalSection(SolutionProperties) = preSolution
		HideSolutionNode = FALSE
	EndGlobalSection
	GlobalSection(ExtensibilityGlobals) = postSolution
		SolutionGuid = {72D84BC7-5AAE-4700-930A-2DA926D8168C}
	EndGlobalSection
EndGlobal
